
Microsoft Visual Studio Solution File, Format Version 12.00
# Visual Studio 2013
VisualStudioVersion = 12.0.31101.0
MinimumVisualStudioVersion = 10.0.40219.1
Project("{FAE04EC0-301F-11D3-BF4B-00C04F79EFBC}") = "MeshBufferRender.Base", "MeshBufferRender.Base\MeshBufferRender.Base.csproj", "{EE3B5CC9-4056-42A3-B795-B8AEA3F8CC4A}"
EndProject
Project("{FAE04EC0-301F-11D3-BF4B-00C04F79EFBC}") = "MeshBufferRender.SlimDX", "MeshBufferRender.SlimDX\MeshBufferRender.SlimDX.csproj", "{76DD7355-0ABE-4F8C-8D86-E2D2BBA0690A}"
EndProject
Global
	GlobalSection(SolutionConfigurationPlatforms) = preSolution
		Debug|Any CPU = Debug|Any CPU
		Release|Any CPU = Release|Any CPU
	EndGlobalSection
	GlobalSection(ProjectConfigurationPlatforms) = postSolution
		{EE3B5CC9-4056-42A3-B795-B8AEA3F8CC4A}.Debug|Any CPU.ActiveCfg = Debug|Any CPU
		{EE3B5CC9-4056-42A3-B795-B8AEA3F8CC4A}.Debug|Any CPU.Build.0 = Debug|Any CPU
		{EE3B5CC9-4056-42A3-B795-B8AEA3F8CC4A}.Release|Any CPU.ActiveCfg = Release|Any CPU
		{EE3B5CC9-4056-42A3-B795-B8AEA3F8CC4A}.Release|Any CPU.Build.0 = Release|Any CPU
		{76DD7355-0ABE-4F8C-8D86-E2D2BBA0690A}.Debug|Any CPU.ActiveCfg = Debug|Any CPU
		{76DD7355-0ABE-4F8C-8D86-E2D2BBA0690A}.Debug|Any CPU.Build.0 = Debug|Any CPU
		{76DD7355-0ABE-4F8C-8D86-E2D2BBA0690A}.Release|Any CPU.ActiveCfg = Release|Any CPU
		{76DD7355-0ABE-4F8C-8D86-E2D2BBA0690A}.Release|Any CPU.Build.0 = Release|Any CPU
	EndGlobalSection
	GlobalSection(SolutionProperties) = preSolution
		HideSolutionNode = FALSE
	EndGlobalSection
EndGlobal
